// !$*UTF8*$!
{
	archiveVersion = 1;
	classes = {
	};
	objectVersion = 50;
	objects = {

/* Begin PBXBuildFile section */
		A808E383268BAC3E0058B2E7 /* AppDelegate.swift in Sources */ = {isa = PBXBuildFile; fileRef = A808E382268BAC3E0058B2E7 /* AppDelegate.swift */; };
		A808E385268BAC3E0058B2E7 /* SceneDelegate.swift in Sources */ = {isa = PBXBuildFile; fileRef = A808E384268BAC3E0058B2E7 /* SceneDelegate.swift */; };
		A808E387268BAC3E0058B2E7 /* ViewController.swift in Sources */ = {isa = PBXBuildFile; fileRef = A808E386268BAC3E0058B2E7 /* ViewController.swift */; };
		A808E38A268BAC3E0058B2E7 /* Main.storyboard in Resources */ = {isa = PBXBuildFile; fileRef = A808E388268BAC3E0058B2E7 /* Main.storyboard */; };
		A808E38D268BAC3E0058B2E7 /* Stem_Start.xcdatamodeld in Sources */ = {isa = PBXBuildFile; fileRef = A808E38B268BAC3E0058B2E7 /* Stem_Start.xcdatamodeld */; };
		A808E38F268BAC3F0058B2E7 /* Assets.xcassets in Resources */ = {isa = PBXBuildFile; fileRef = A808E38E268BAC3F0058B2E7 /* Assets.xcassets */; };
		A808E392268BAC3F0058B2E7 /* LaunchScreen.storyboard in Resources */ = {isa = PBXBuildFile; fileRef = A808E390268BAC3F0058B2E7 /* LaunchScreen.storyboard */; };
		A808E3A2268BE6700058B2E7 /* NoteCell.swift in Sources */ = {isa = PBXBuildFile; fileRef = A808E3A1268BE6700058B2E7 /* NoteCell.swift */; };
		A808E3A4268BE6890058B2E7 /* NoteTableView.swift in Sources */ = {isa = PBXBuildFile; fileRef = A808E3A3268BE6890058B2E7 /* NoteTableView.swift */; };
		A808E3A6268BE70C0058B2E7 /* NoteDetailVC.swift in Sources */ = {isa = PBXBuildFile; fileRef = A808E3A5268BE70C0058B2E7 /* NoteDetailVC.swift */; };
		A808E3A8268BECEB0058B2E7 /* Note.swift in Sources */ = {isa = PBXBuildFile; fileRef = A808E3A7268BECEB0058B2E7 /* Note.swift */; };
		A808E3AA268C19A60058B2E7 /* TechnologyViewController.swift in Sources */ = {isa = PBXBuildFile; fileRef = A808E3A9268C19A60058B2E7 /* TechnologyViewController.swift */; };
		A808E3AC268C19D90058B2E7 /* EngineeringViewController.swift in Sources */ = {isa = PBXBuildFile; fileRef = A808E3AB268C19D90058B2E7 /* EngineeringViewController.swift */; };
		A808E3AE268C19E70058B2E7 /* MathViewController.swift in Sources */ = {isa = PBXBuildFile; fileRef = A808E3AD268C19E70058B2E7 /* MathViewController.swift */; };
		A808E3B5268D63ED0058B2E7 /* ITManagerViewController.swift in Sources */ = {isa = PBXBuildFile; fileRef = A808E3B4268D63ED0058B2E7 /* ITManagerViewController.swift */; };
		A808E3B7268D63FB0058B2E7 /* DataScientistViewController.swift in Sources */ = {isa = PBXBuildFile; fileRef = A808E3B6268D63FB0058B2E7 /* DataScientistViewController.swift */; };
		A808E3B9268E10870058B2E7 /* SoftwareDeveloperViewController.swift in Sources */ = {isa = PBXBuildFile; fileRef = A808E3B8268E10870058B2E7 /* SoftwareDeveloperViewController.swift */; };
		BBC715A0268C092A0044F56E /* ScienceViewController.swift in Sources */ = {isa = PBXBuildFile; fileRef = BBC7159F268C092A0044F56E /* ScienceViewController.swift */; };
/* End PBXBuildFile section */

/* Begin PBXFileReference section */
		A808E37F268BAC3E0058B2E7 /* Stem Start.app */ = {isa = PBXFileReference; explicitFileType = wrapper.application; includeInIndex = 0; path = "Stem Start.app"; sourceTree = BUILT_PRODUCTS_DIR; };
		A808E382268BAC3E0058B2E7 /* AppDelegate.swift */ = {isa = PBXFileReference; lastKnownFileType = sourcecode.swift; path = AppDelegate.swift; sourceTree = "<group>"; };
		A808E384268BAC3E0058B2E7 /* SceneDelegate.swift */ = {isa = PBXFileReference; lastKnownFileType = sourcecode.swift; path = SceneDelegate.swift; sourceTree = "<group>"; };
		A808E386268BAC3E0058B2E7 /* ViewController.swift */ = {isa = PBXFileReference; lastKnownFileType = sourcecode.swift; path = ViewController.swift; sourceTree = "<group>"; };
		A808E389268BAC3E0058B2E7 /* Base */ = {isa = PBXFileReference; lastKnownFileType = file.storyboard; name = Base; path = Base.lproj/Main.storyboard; sourceTree = "<group>"; };
		A808E38C268BAC3E0058B2E7 /* Stem_Start.xcdatamodel */ = {isa = PBXFileReference; lastKnownFileType = wrapper.xcdatamodel; path = Stem_Start.xcdatamodel; sourceTree = "<group>"; };
		A808E38E268BAC3F0058B2E7 /* Assets.xcassets */ = {isa = PBXFileReference; lastKnownFileType = folder.assetcatalog; path = Assets.xcassets; sourceTree = "<group>"; };
		A808E391268BAC3F0058B2E7 /* Base */ = {isa = PBXFileReference; lastKnownFileType = file.storyboard; name = Base; path = Base.lproj/LaunchScreen.storyboard; sourceTree = "<group>"; };
		A808E393268BAC3F0058B2E7 /* Info.plist */ = {isa = PBXFileReference; lastKnownFileType = text.plist.xml; path = Info.plist; sourceTree = "<group>"; };
		A808E3A1268BE6700058B2E7 /* NoteCell.swift */ = {isa = PBXFileReference; lastKnownFileType = sourcecode.swift; path = NoteCell.swift; sourceTree = "<group>"; };
		A808E3A3268BE6890058B2E7 /* NoteTableView.swift */ = {isa = PBXFileReference; lastKnownFileType = sourcecode.swift; path = NoteTableView.swift; sourceTree = "<group>"; };
		A808E3A5268BE70C0058B2E7 /* NoteDetailVC.swift */ = {isa = PBXFileReference; lastKnownFileType = sourcecode.swift; path = NoteDetailVC.swift; sourceTree = "<group>"; };
		A808E3A7268BECEB0058B2E7 /* Note.swift */ = {isa = PBXFileReference; lastKnownFileType = sourcecode.swift; path = Note.swift; sourceTree = "<group>"; };
		A808E3A9268C19A60058B2E7 /* TechnologyViewController.swift */ = {isa = PBXFileReference; lastKnownFileType = sourcecode.swift; path = TechnologyViewController.swift; sourceTree = "<group>"; };
		A808E3AB268C19D90058B2E7 /* EngineeringViewController.swift */ = {isa = PBXFileReference; lastKnownFileType = sourcecode.swift; path = EngineeringViewController.swift; sourceTree = "<group>"; };
		A808E3AD268C19E70058B2E7 /* MathViewController.swift */ = {isa = PBXFileReference; lastKnownFileType = sourcecode.swift; path = MathViewController.swift; sourceTree = "<group>"; };
		A808E3B4268D63ED0058B2E7 /* ITManagerViewController.swift */ = {isa = PBXFileReference; lastKnownFileType = sourcecode.swift; path = ITManagerViewController.swift; sourceTree = "<group>"; };
		A808E3B6268D63FB0058B2E7 /* DataScientistViewController.swift */ = {isa = PBXFileReference; lastKnownFileType = sourcecode.swift; path = DataScientistViewController.swift; sourceTree = "<group>"; };
		A808E3B8268E10870058B2E7 /* SoftwareDeveloperViewController.swift */ = {isa = PBXFileReference; lastKnownFileType = sourcecode.swift; path = SoftwareDeveloperViewController.swift; sourceTree = "<group>"; };
		BBC7159F268C092A0044F56E /* ScienceViewController.swift */ = {isa = PBXFileReference; lastKnownFileType = sourcecode.swift; path = ScienceViewController.swift; sourceTree = "<group>"; };
/* End PBXFileReference section */

/* Begin PBXFrameworksBuildPhase section */
		A808E37C268BAC3E0058B2E7 /* Frameworks */ = {
			isa = PBXFrameworksBuildPhase;
			buildActionMask = 2147483647;
			files = (
			);
			runOnlyForDeploymentPostprocessing = 0;
		};
/* End PBXFrameworksBuildPhase section */

/* Begin PBXGroup section */
		A808E376268BAC3E0058B2E7 = {
			isa = PBXGroup;
			children = (
				A808E381268BAC3E0058B2E7 /* Stem Start */,
				A808E380268BAC3E0058B2E7 /* Products */,
			);
			sourceTree = "<group>";
		};
		A808E380268BAC3E0058B2E7 /* Products */ = {
			isa = PBXGroup;
			children = (
				A808E37F268BAC3E0058B2E7 /* Stem Start.app */,
			);
			name = Products;
			sourceTree = "<group>";
		};
		A808E381268BAC3E0058B2E7 /* Stem Start */ = {
			isa = PBXGroup;
			children = (
				A808E3BD268E13BC0058B2E7 /* Math */,
				A808E3BC268E13B40058B2E7 /* Engineering */,
				A808E3BB268E13A40058B2E7 /* Science */,
				A808E3B1268D63A90058B2E7 /* Notes */,
				A808E3B0268D63950058B2E7 /* Technology */,
				A808E382268BAC3E0058B2E7 /* AppDelegate.swift */,
				A808E384268BAC3E0058B2E7 /* SceneDelegate.swift */,
				A808E386268BAC3E0058B2E7 /* ViewController.swift */,
				A808E388268BAC3E0058B2E7 /* Main.storyboard */,
				A808E38E268BAC3F0058B2E7 /* Assets.xcassets */,
				A808E390268BAC3F0058B2E7 /* LaunchScreen.storyboard */,
				A808E393268BAC3F0058B2E7 /* Info.plist */,
				A808E38B268BAC3E0058B2E7 /* Stem_Start.xcdatamodeld */,
			);
			path = "Stem Start";
			sourceTree = "<group>";
		};
		A808E3B0268D63950058B2E7 /* Technology */ = {
			isa = PBXGroup;
			children = (
				A808E3A9268C19A60058B2E7 /* TechnologyViewController.swift */,
				A808E3B4268D63ED0058B2E7 /* ITManagerViewController.swift */,
				A808E3B6268D63FB0058B2E7 /* DataScientistViewController.swift */,
				A808E3B8268E10870058B2E7 /* SoftwareDeveloperViewController.swift */,
			);
			path = Technology;
			sourceTree = "<group>";
		};
		A808E3B1268D63A90058B2E7 /* Notes */ = {
			isa = PBXGroup;
			children = (
				A808E3A5268BE70C0058B2E7 /* NoteDetailVC.swift */,
				A808E3A3268BE6890058B2E7 /* NoteTableView.swift */,
				A808E3A7268BECEB0058B2E7 /* Note.swift */,
				A808E3A1268BE6700058B2E7 /* NoteCell.swift */,
			);
			path = Notes;
			sourceTree = "<group>";
		};
		A808E3BB268E13A40058B2E7 /* Science */ = {
			isa = PBXGroup;
			children = (
				BBC7159F268C092A0044F56E /* ScienceViewController.swift */,
			);
			path = Science;
			sourceTree = "<group>";
		};
		A808E3BC268E13B40058B2E7 /* Engineering */ = {
			isa = PBXGroup;
			children = (
				A808E3AB268C19D90058B2E7 /* EngineeringViewController.swift */,
			);
			path = Engineering;
			sourceTree = "<group>";
		};
		A808E3BD268E13BC0058B2E7 /* Math */ = {
			isa = PBXGroup;
			children = (
				A808E3AD268C19E70058B2E7 /* MathViewController.swift */,
			);
			path = Math;
			sourceTree = "<group>";
		};
/* End PBXGroup section */

/* Begin PBXNativeTarget section */
		A808E37E268BAC3E0058B2E7 /* Stem Start */ = {
			isa = PBXNativeTarget;
			buildConfigurationList = A808E396268BAC3F0058B2E7 /* Build configuration list for PBXNativeTarget "Stem Start" */;
			buildPhases = (
				A808E37B268BAC3E0058B2E7 /* Sources */,
				A808E37C268BAC3E0058B2E7 /* Frameworks */,
				A808E37D268BAC3E0058B2E7 /* Resources */,
			);
			buildRules = (
			);
			dependencies = (
			);
			name = "Stem Start";
			productName = "Stem Start";
			productReference = A808E37F268BAC3E0058B2E7 /* Stem Start.app */;
			productType = "com.apple.product-type.application";
		};
/* End PBXNativeTarget section */

/* Begin PBXProject section */
		A808E377268BAC3E0058B2E7 /* Project object */ = {
			isa = PBXProject;
			attributes = {
				LastSwiftUpdateCheck = 1250;
				LastUpgradeCheck = 1250;
				TargetAttributes = {
					A808E37E268BAC3E0058B2E7 = {
						CreatedOnToolsVersion = 12.5;
					};
				};
			};
			buildConfigurationList = A808E37A268BAC3E0058B2E7 /* Build configuration list for PBXProject "Stem Start" */;
			compatibilityVersion = "Xcode 9.3";
			developmentRegion = en;
			hasScannedForEncodings = 0;
			knownRegions = (
				en,
				Base,
			);
			mainGroup = A808E376268BAC3E0058B2E7;
			productRefGroup = A808E380268BAC3E0058B2E7 /* Products */;
			projectDirPath = "";
			projectRoot = "";
			targets = (
				A808E37E268BAC3E0058B2E7 /* Stem Start */,
			);
		};
/* End PBXProject section */

/* Begin PBXResourcesBuildPhase section */
		A808E37D268BAC3E0058B2E7 /* Resources */ = {
			isa = PBXResourcesBuildPhase;
			buildActionMask = 2147483647;
			files = (
				A808E392268BAC3F0058B2E7 /* LaunchScreen.storyboard in Resources */,
				A808E38F268BAC3F0058B2E7 /* Assets.xcassets in Resources */,
				A808E38A268BAC3E0058B2E7 /* Main.storyboard in Resources */,
			);
			runOnlyForDeploymentPostprocessing = 0;
		};
/* End PBXResourcesBuildPhase section */

/* Begin PBXSourcesBuildPhase section */
		A808E37B268BAC3E0058B2E7 /* Sources */ = {
			isa = PBXSourcesBuildPhase;
			buildActionMask = 2147483647;
			files = (
				A808E3B9268E10870058B2E7 /* SoftwareDeveloperViewController.swift in Sources */,
				A808E3AA268C19A60058B2E7 /* TechnologyViewController.swift in Sources */,
				A808E387268BAC3E0058B2E7 /* ViewController.swift in Sources */,
				A808E3B7268D63FB0058B2E7 /* DataScientistViewController.swift in Sources */,
				A808E3A6268BE70C0058B2E7 /* NoteDetailVC.swift in Sources */,
				A808E3A4268BE6890058B2E7 /* NoteTableView.swift in Sources */,
				A808E3AE268C19E70058B2E7 /* MathViewController.swift in Sources */,
				A808E3A8268BECEB0058B2E7 /* Note.swift in Sources */,
				A808E38D268BAC3E0058B2E7 /* Stem_Start.xcdatamodeld in Sources */,
				A808E3A2268BE6700058B2E7 /* NoteCell.swift in Sources */,
				A808E383268BAC3E0058B2E7 /* AppDelegate.swift in Sources */,
				BBC715A0268C092A0044F56E /* ScienceViewController.swift in Sources */,
				A808E385268BAC3E0058B2E7 /* SceneDelegate.swift in Sources */,
				A808E3B5268D63ED0058B2E7 /* ITManagerViewController.swift in Sources */,
				A808E3AC268C19D90058B2E7 /* EngineeringViewController.swift in Sources */,
			);
			runOnlyForDeploymentPostprocessing = 0;
		};
/* End PBXSourcesBuildPhase section */

/* Begin PBXVariantGroup section */
		A808E388268BAC3E0058B2E7 /* Main.storyboard */ = {
			isa = PBXVariantGroup;
			children = (
				A808E389268BAC3E0058B2E7 /* Base */,
			);
			name = Main.storyboard;
			sourceTree = "<group>";
		};
		A808E390268BAC3F0058B2E7 /* LaunchScreen.storyboard */ = {
			isa = PBXVariantGroup;
			children = (
				A808E391268BAC3F0058B2E7 /* Base */,
			);
			name = LaunchScreen.storyboard;
			sourceTree = "<group>";
		};
/* End PBXVariantGroup section */

/* Begin XCBuildConfiguration section */
		A808E394268BAC3F0058B2E7 /* Debug */ = {
			isa = XCBuildConfiguration;
			buildSettings = {
				ALWAYS_SEARCH_USER_PATHS = NO;
				CLANG_ANALYZER_NONNULL = YES;
				CLANG_ANALYZER_NUMBER_OBJECT_CONVERSION = YES_AGGRESSIVE;
				CLANG_CXX_LANGUAGE_STANDARD = "gnu++14";
				CLANG_CXX_LIBRARY = "libc++";
				CLANG_ENABLE_MODULES = YES;
				CLANG_ENABLE_OBJC_ARC = YES;
				CLANG_ENABLE_OBJC_WEAK = YES;
				CLANG_WARN_BLOCK_CAPTURE_AUTORELEASING = YES;
				CLANG_WARN_BOOL_CONVERSION = YES;
				CLANG_WARN_COMMA = YES;
				CLANG_WARN_CONSTANT_CONVERSION = YES;
				CLANG_WARN_DEPRECATED_OBJC_IMPLEMENTATIONS = YES;
				CLANG_WARN_DIRECT_OBJC_ISA_USAGE = YES_ERROR;
				CLANG_WARN_DOCUMENTATION_COMMENTS = YES;
				CLANG_WARN_EMPTY_BODY = YES;
				CLANG_WARN_ENUM_CONVERSION = YES;
				CLANG_WARN_INFINITE_RECURSION = YES;
				CLANG_WARN_INT_CONVERSION = YES;
				CLANG_WARN_NON_LITERAL_NULL_CONVERSION = YES;
				CLANG_WARN_OBJC_IMPLICIT_RETAIN_SELF = YES;
				CLANG_WARN_OBJC_LITERAL_CONVERSION = YES;
				CLANG_WARN_OBJC_ROOT_CLASS = YES_ERROR;
				CLANG_WARN_QUOTED_INCLUDE_IN_FRAMEWORK_HEADER = YES;
				CLANG_WARN_RANGE_LOOP_ANALYSIS = YES;
				CLANG_WARN_STRICT_PROTOTYPES = YES;
				CLANG_WARN_SUSPICIOUS_MOVE = YES;
				CLANG_WARN_UNGUARDED_AVAILABILITY = YES_AGGRESSIVE;
				CLANG_WARN_UNREACHABLE_CODE = YES;
				CLANG_WARN__DUPLICATE_METHOD_MATCH = YES;
				COPY_PHASE_STRIP = NO;
				DEBUG_INFORMATION_FORMAT = dwarf;
				ENABLE_STRICT_OBJC_MSGSEND = YES;
				ENABLE_TESTABILITY = YES;
				GCC_C_LANGUAGE_STANDARD = gnu11;
				GCC_DYNAMIC_NO_PIC = NO;
				GCC_NO_COMMON_BLOCKS = YES;
				GCC_OPTIMIZATION_LEVEL = 0;
				GCC_PREPROCESSOR_DEFINITIONS = (
					"DEBUG=1",
					"$(inherited)",
				);
				GCC_WARN_64_TO_32_BIT_CONVERSION = YES;
				GCC_WARN_ABOUT_RETURN_TYPE = YES_ERROR;
				GCC_WARN_UNDECLARED_SELECTOR = YES;
				GCC_WARN_UNINITIALIZED_AUTOS = YES_AGGRESSIVE;
				GCC_WARN_UNUSED_FUNCTION = YES;
				GCC_WARN_UNUSED_VARIABLE = YES;
				IPHONEOS_DEPLOYMENT_TARGET = 14.5;
				MTL_ENABLE_DEBUG_INFO = INCLUDE_SOURCE;
				MTL_FAST_MATH = YES;
				ONLY_ACTIVE_ARCH = YES;
				SDKROOT = iphoneos;
				SWIFT_ACTIVE_COMPILATION_CONDITIONS = DEBUG;
				SWIFT_OPTIMIZATION_LEVEL = "-Onone";
			};
			name = Debug;
		};
		A808E395268BAC3F0058B2E7 /* Release */ = {
			isa = XCBuildConfiguration;
			buildSettings = {
				ALWAYS_SEARCH_USER_PATHS = NO;
				CLANG_ANALYZER_NONNULL = YES;
				CLANG_ANALYZER_NUMBER_OBJECT_CONVERSION = YES_AGGRESSIVE;
				CLANG_CXX_LANGUAGE_STANDARD = "gnu++14";
				CLANG_CXX_LIBRARY = "libc++";
				CLANG_ENABLE_MODULES = YES;
				CLANG_ENABLE_OBJC_ARC = YES;
				CLANG_ENABLE_OBJC_WEAK = YES;
				CLANG_WARN_BLOCK_CAPTURE_AUTORELEASING = YES;
				CLANG_WARN_BOOL_CONVERSION = YES;
				CLANG_WARN_COMMA = YES;
				CLANG_WARN_CONSTANT_CONVERSION = YES;
				CLANG_WARN_DEPRECATED_OBJC_IMPLEMENTATIONS = YES;
				CLANG_WARN_DIRECT_OBJC_ISA_USAGE = YES_ERROR;
				CLANG_WARN_DOCUMENTATION_COMMENTS = YES;
				CLANG_WARN_EMPTY_BODY = YES;
				CLANG_WARN_ENUM_CONVERSION = YES;
				CLANG_WARN_INFINITE_RECURSION = YES;
				CLANG_WARN_INT_CONVERSION = YES;
				CLANG_WARN_NON_LITERAL_NULL_CONVERSION = YES;
				CLANG_WARN_OBJC_IMPLICIT_RETAIN_SELF = YES;
				CLANG_WARN_OBJC_LITERAL_CONVERSION = YES;
				CLANG_WARN_OBJC_ROOT_CLASS = YES_ERROR;
				CLANG_WARN_QUOTED_INCLUDE_IN_FRAMEWORK_HEADER = YES;
				CLANG_WARN_RANGE_LOOP_ANALYSIS = YES;
				CLANG_WARN_STRICT_PROTOTYPES = YES;
				CLANG_WARN_SUSPICIOUS_MOVE = YES;
				CLANG_WARN_UNGUARDED_AVAILABILITY = YES_AGGRESSIVE;
				CLANG_WARN_UNREACHABLE_CODE = YES;
				CLANG_WARN__DUPLICATE_METHOD_MATCH = YES;
				COPY_PHASE_STRIP = NO;
				DEBUG_INFORMATION_FORMAT = "dwarf-with-dsym";
				ENABLE_NS_ASSERTIONS = NO;
				ENABLE_STRICT_OBJC_MSGSEND = YES;
				GCC_C_LANGUAGE_STANDARD = gnu11;
				GCC_NO_COMMON_BLOCKS = YES;
				GCC_WARN_64_TO_32_BIT_CONVERSION = YES;
				GCC_WARN_ABOUT_RETURN_TYPE = YES_ERROR;
				GCC_WARN_UNDECLARED_SELECTOR = YES;
				GCC_WARN_UNINITIALIZED_AUTOS = YES_AGGRESSIVE;
				GCC_WARN_UNUSED_FUNCTION = YES;
				GCC_WARN_UNUSED_VARIABLE = YES;
				IPHONEOS_DEPLOYMENT_TARGET = 14.5;
				MTL_ENABLE_DEBUG_INFO = NO;
				MTL_FAST_MATH = YES;
				SDKROOT = iphoneos;
				SWIFT_COMPILATION_MODE = wholemodule;
				SWIFT_OPTIMIZATION_LEVEL = "-O";
				VALIDATE_PRODUCT = YES;
			};
			name = Release;
		};
		A808E397268BAC3F0058B2E7 /* Debug */ = {
			isa = XCBuildConfiguration;
			buildSettings = {
				ASSETCATALOG_COMPILER_APPICON_NAME = AppIcon;
				ASSETCATALOG_COMPILER_GLOBAL_ACCENT_COLOR_NAME = AccentColor;
				CODE_SIGN_STYLE = Automatic;
				INFOPLIST_FILE = "Stem Start/Info.plist";
				LD_RUNPATH_SEARCH_PATHS = (
					"$(inherited)",
					"@executable_path/Frameworks",
				);
				PRODUCT_BUNDLE_IDENTIFIER = "com.example.Stem-Start";
				PRODUCT_NAME = "$(TARGET_NAME)";
				SWIFT_VERSION = 5.0;
				TARGETED_DEVICE_FAMILY = "1,2";
			};
			name = Debug;
		};
		A808E398268BAC3F0058B2E7 /* Release */ = {
			isa = XCBuildConfiguration;
			buildSettings = {
				ASSETCATALOG_COMPILER_APPICON_NAME = AppIcon;
				ASSETCATALOG_COMPILER_GLOBAL_ACCENT_COLOR_NAME = AccentColor;
				CODE_SIGN_STYLE = Automatic;
				INFOPLIST_FILE = "Stem Start/Info.plist";
				LD_RUNPATH_SEARCH_PATHS = (
					"$(inherited)",
					"@executable_path/Frameworks",
				);
				PRODUCT_BUNDLE_IDENTIFIER = "com.example.Stem-Start";
				PRODUCT_NAME = "$(TARGET_NAME)";
				SWIFT_VERSION = 5.0;
				TARGETED_DEVICE_FAMILY = "1,2";
			};
			name = Release;
		};
/* End XCBuildConfiguration section */

/* Begin XCConfigurationList section */
		A808E37A268BAC3E0058B2E7 /* Build configuration list for PBXProject "Stem Start" */ = {
			isa = XCConfigurationList;
			buildConfigurations = (
				A808E394268BAC3F0058B2E7 /* Debug */,
				A808E395268BAC3F0058B2E7 /* Release */,
			);
			defaultConfigurationIsVisible = 0;
			defaultConfigurationName = Release;
		};
		A808E396268BAC3F0058B2E7 /* Build configuration list for PBXNativeTarget "Stem Start" */ = {
			isa = XCConfigurationList;
			buildConfigurations = (
				A808E397268BAC3F0058B2E7 /* Debug */,
				A808E398268BAC3F0058B2E7 /* Release */,
			);
			defaultConfigurationIsVisible = 0;
			defaultConfigurationName = Release;
		};
/* End XCConfigurationList section */

/* Begin XCVersionGroup section */
		A808E38B268BAC3E0058B2E7 /* Stem_Start.xcdatamodeld */ = {
			isa = XCVersionGroup;
			children = (
				A808E38C268BAC3E0058B2E7 /* Stem_Start.xcdatamodel */,
			);
			currentVersion = A808E38C268BAC3E0058B2E7 /* Stem_Start.xcdatamodel */;
			path = Stem_Start.xcdatamodeld;
			sourceTree = "<group>";
			versionGroupType = wrapper.xcdatamodel;
		};
/* End XCVersionGroup section */
	};
	rootObject = A808E377268BAC3E0058B2E7 /* Project object */;
}
